// !$*UTF8*$!
{
	archiveVersion = 1;
	classes = {
	};
	objectVersion = 56;
	objects = {

/* Begin PBXBuildFile section */
		B125C03C2AD2F5E9005804D5 /* RegistrationViewModel.swift in Sources */ = {isa = PBXBuildFile; fileRef = B125C03B2AD2F5E9005804D5 /* RegistrationViewModel.swift */; };
		B125C03F2AD30759005804D5 /* RegistrationView.swift in Sources */ = {isa = PBXBuildFile; fileRef = B125C03E2AD30759005804D5 /* RegistrationView.swift */; };
		B125C0462AD355EE005804D5 /* ResetPasswordView.swift in Sources */ = {isa = PBXBuildFile; fileRef = B125C0452AD355EE005804D5 /* ResetPasswordView.swift */; };
		B125C0482AD3568E005804D5 /* ResetPasswordViewModel.swift in Sources */ = {isa = PBXBuildFile; fileRef = B125C0472AD3568E005804D5 /* ResetPasswordViewModel.swift */; };
		B125C04B2AD359F8005804D5 /* AuthTextFieldStyle.swift in Sources */ = {isa = PBXBuildFile; fileRef = B125C04A2AD359F8005804D5 /* AuthTextFieldStyle.swift */; };
		B16C44BC2AD2CCEA00FA5B4B /* LoginViewModel.swift in Sources */ = {isa = PBXBuildFile; fileRef = B16C44BB2AD2CCEA00FA5B4B /* LoginViewModel.swift */; };
		B16C44BF2AD2D03800FA5B4B /* User.swift in Sources */ = {isa = PBXBuildFile; fileRef = B16C44BE2AD2D03800FA5B4B /* User.swift */; };
		B1FA327C2AD20FC800AA5896 /* Template_SUIApp.swift in Sources */ = {isa = PBXBuildFile; fileRef = B1FA327B2AD20FC800AA5896 /* Template_SUIApp.swift */; };
		B1FA327E2AD20FC800AA5896 /* ContentView.swift in Sources */ = {isa = PBXBuildFile; fileRef = B1FA327D2AD20FC800AA5896 /* ContentView.swift */; };
		B1FA32802AD20FC800AA5896 /* Item.swift in Sources */ = {isa = PBXBuildFile; fileRef = B1FA327F2AD20FC800AA5896 /* Item.swift */; };
		B1FA32822AD20FC800AA5896 /* Assets.xcassets in Resources */ = {isa = PBXBuildFile; fileRef = B1FA32812AD20FC800AA5896 /* Assets.xcassets */; };
		B1FA32852AD20FC800AA5896 /* Preview Assets.xcassets in Resources */ = {isa = PBXBuildFile; fileRef = B1FA32842AD20FC800AA5896 /* Preview Assets.xcassets */; };
		B1FA328E2AD2122E00AA5896 /* RootView.swift in Sources */ = {isa = PBXBuildFile; fileRef = B1FA328D2AD2122E00AA5896 /* RootView.swift */; };
		B1FA32932AD215EA00AA5896 /* ProfileView.swift in Sources */ = {isa = PBXBuildFile; fileRef = B1FA32922AD215EA00AA5896 /* ProfileView.swift */; };
		B1FA32962AD21BCD00AA5896 /* Kingfisher in Frameworks */ = {isa = PBXBuildFile; productRef = B1FA32952AD21BCD00AA5896 /* Kingfisher */; };
		B1FA32992AD220BD00AA5896 /* ValidationHelper.swift in Sources */ = {isa = PBXBuildFile; fileRef = B1FA32982AD220BD00AA5896 /* ValidationHelper.swift */; };
		B1FA329B2AD2228E00AA5896 /* AdaptiveKFImage.swift in Sources */ = {isa = PBXBuildFile; fileRef = B1FA329A2AD2228E00AA5896 /* AdaptiveKFImage.swift */; };
		B1FA329E2AD227F300AA5896 /* AuthService.swift in Sources */ = {isa = PBXBuildFile; fileRef = B1FA329D2AD227F300AA5896 /* AuthService.swift */; };
		B1FA32A12AD228BD00AA5896 /* GoogleSignIn in Frameworks */ = {isa = PBXBuildFile; productRef = B1FA32A02AD228BD00AA5896 /* GoogleSignIn */; };
		B1FA32A32AD228BD00AA5896 /* GoogleSignInSwift in Frameworks */ = {isa = PBXBuildFile; productRef = B1FA32A22AD228BD00AA5896 /* GoogleSignInSwift */; };
		B1FA32A62AD22C1100AA5896 /* LoginView.swift in Sources */ = {isa = PBXBuildFile; fileRef = B1FA32A52AD22C1100AA5896 /* LoginView.swift */; };
/* End PBXBuildFile section */

/* Begin PBXFileReference section */
		B125C03B2AD2F5E9005804D5 /* RegistrationViewModel.swift */ = {isa = PBXFileReference; lastKnownFileType = sourcecode.swift; path = RegistrationViewModel.swift; sourceTree = "<group>"; };
		B125C03E2AD30759005804D5 /* RegistrationView.swift */ = {isa = PBXFileReference; lastKnownFileType = sourcecode.swift; path = RegistrationView.swift; sourceTree = "<group>"; };
		B125C0452AD355EE005804D5 /* ResetPasswordView.swift */ = {isa = PBXFileReference; lastKnownFileType = sourcecode.swift; path = ResetPasswordView.swift; sourceTree = "<group>"; };
		B125C0472AD3568E005804D5 /* ResetPasswordViewModel.swift */ = {isa = PBXFileReference; lastKnownFileType = sourcecode.swift; path = ResetPasswordViewModel.swift; sourceTree = "<group>"; };
		B125C04A2AD359F8005804D5 /* AuthTextFieldStyle.swift */ = {isa = PBXFileReference; lastKnownFileType = sourcecode.swift; path = AuthTextFieldStyle.swift; sourceTree = "<group>"; };
		B16C44BB2AD2CCEA00FA5B4B /* LoginViewModel.swift */ = {isa = PBXFileReference; lastKnownFileType = sourcecode.swift; path = LoginViewModel.swift; sourceTree = "<group>"; };
		B16C44BE2AD2D03800FA5B4B /* User.swift */ = {isa = PBXFileReference; lastKnownFileType = sourcecode.swift; path = User.swift; sourceTree = "<group>"; };
		B1FA32782AD20FC800AA5896 /* Template-SUI.app */ = {isa = PBXFileReference; explicitFileType = wrapper.application; includeInIndex = 0; path = "Template-SUI.app"; sourceTree = BUILT_PRODUCTS_DIR; };
		B1FA327B2AD20FC800AA5896 /* Template_SUIApp.swift */ = {isa = PBXFileReference; lastKnownFileType = sourcecode.swift; path = Template_SUIApp.swift; sourceTree = "<group>"; };
		B1FA327D2AD20FC800AA5896 /* ContentView.swift */ = {isa = PBXFileReference; lastKnownFileType = sourcecode.swift; path = ContentView.swift; sourceTree = "<group>"; };
		B1FA327F2AD20FC800AA5896 /* Item.swift */ = {isa = PBXFileReference; lastKnownFileType = sourcecode.swift; path = Item.swift; sourceTree = "<group>"; };
		B1FA32812AD20FC800AA5896 /* Assets.xcassets */ = {isa = PBXFileReference; lastKnownFileType = folder.assetcatalog; path = Assets.xcassets; sourceTree = "<group>"; };
		B1FA32842AD20FC800AA5896 /* Preview Assets.xcassets */ = {isa = PBXFileReference; lastKnownFileType = folder.assetcatalog; path = "Preview Assets.xcassets"; sourceTree = "<group>"; };
		B1FA328D2AD2122E00AA5896 /* RootView.swift */ = {isa = PBXFileReference; lastKnownFileType = sourcecode.swift; path = RootView.swift; sourceTree = "<group>"; };
		B1FA32922AD215EA00AA5896 /* ProfileView.swift */ = {isa = PBXFileReference; lastKnownFileType = sourcecode.swift; path = ProfileView.swift; sourceTree = "<group>"; };
		B1FA32982AD220BD00AA5896 /* ValidationHelper.swift */ = {isa = PBXFileReference; lastKnownFileType = sourcecode.swift; path = ValidationHelper.swift; sourceTree = "<group>"; };
		B1FA329A2AD2228E00AA5896 /* AdaptiveKFImage.swift */ = {isa = PBXFileReference; lastKnownFileType = sourcecode.swift; path = AdaptiveKFImage.swift; sourceTree = "<group>"; };
		B1FA329D2AD227F300AA5896 /* AuthService.swift */ = {isa = PBXFileReference; lastKnownFileType = sourcecode.swift; path = AuthService.swift; sourceTree = "<group>"; };
		B1FA32A52AD22C1100AA5896 /* LoginView.swift */ = {isa = PBXFileReference; lastKnownFileType = sourcecode.swift; path = LoginView.swift; sourceTree = "<group>"; };
/* End PBXFileReference section */

/* Begin PBXFrameworksBuildPhase section */
		B1FA32752AD20FC800AA5896 /* Frameworks */ = {
			isa = PBXFrameworksBuildPhase;
			buildActionMask = 2147483647;
			files = (
				B1FA32A32AD228BD00AA5896 /* GoogleSignInSwift in Frameworks */,
				B1FA32962AD21BCD00AA5896 /* Kingfisher in Frameworks */,
				B1FA32A12AD228BD00AA5896 /* GoogleSignIn in Frameworks */,
			);
			runOnlyForDeploymentPostprocessing = 0;
		};
/* End PBXFrameworksBuildPhase section */

/* Begin PBXGroup section */
		B125C03D2AD30710005804D5 /* Registration */ = {
			isa = PBXGroup;
			children = (
				B125C03B2AD2F5E9005804D5 /* RegistrationViewModel.swift */,
				B125C03E2AD30759005804D5 /* RegistrationView.swift */,
			);
			path = Registration;
			sourceTree = "<group>";
		};
		B125C0402AD30883005804D5 /* Common */ = {
			isa = PBXGroup;
			children = (
				B125C0492AD359D3005804D5 /* Styles */,
				B125C0422AD324F3005804D5 /* Views */,
				B16C44BD2AD2D03000FA5B4B /* Models */,
			);
			path = Common;
			sourceTree = "<group>";
		};
		B125C0422AD324F3005804D5 /* Views */ = {
			isa = PBXGroup;
			children = (
				B1FA329A2AD2228E00AA5896 /* AdaptiveKFImage.swift */,
			);
			path = Views;
			sourceTree = "<group>";
		};
		B125C0432AD352BE005804D5 /* AuthFlow */ = {
			isa = PBXGroup;
			children = (
				B125C0442AD355A7005804D5 /* ResetPassword */,
				B1FA32A42AD22C0300AA5896 /* Login */,
				B125C03D2AD30710005804D5 /* Registration */,
			);
			path = AuthFlow;
			sourceTree = "<group>";
		};
		B125C0442AD355A7005804D5 /* ResetPassword */ = {
			isa = PBXGroup;
			children = (
				B125C0452AD355EE005804D5 /* ResetPasswordView.swift */,
				B125C0472AD3568E005804D5 /* ResetPasswordViewModel.swift */,
			);
			path = ResetPassword;
			sourceTree = "<group>";
		};
		B125C0492AD359D3005804D5 /* Styles */ = {
			isa = PBXGroup;
			children = (
				B125C04A2AD359F8005804D5 /* AuthTextFieldStyle.swift */,
			);
			path = Styles;
			sourceTree = "<group>";
		};
		B16C44BD2AD2D03000FA5B4B /* Models */ = {
			isa = PBXGroup;
			children = (
				B16C44BE2AD2D03800FA5B4B /* User.swift */,
			);
			path = Models;
			sourceTree = "<group>";
		};
		B1FA326F2AD20FC800AA5896 = {
			isa = PBXGroup;
			children = (
				B1FA327A2AD20FC800AA5896 /* Template-SUI */,
				B1FA32792AD20FC800AA5896 /* Products */,
			);
			sourceTree = "<group>";
		};
		B1FA32792AD20FC800AA5896 /* Products */ = {
			isa = PBXGroup;
			children = (
				B1FA32782AD20FC800AA5896 /* Template-SUI.app */,
			);
			name = Products;
			sourceTree = "<group>";
		};
		B1FA327A2AD20FC800AA5896 /* Template-SUI */ = {
			isa = PBXGroup;
			children = (
				B125C0402AD30883005804D5 /* Common */,
				B1FA329C2AD227D200AA5896 /* Repositories */,
				B1FA32972AD2208300AA5896 /* Helpers */,
				B1FA328B2AD211F900AA5896 /* Scenes */,
				B1FA327B2AD20FC800AA5896 /* Template_SUIApp.swift */,
				B1FA32812AD20FC800AA5896 /* Assets.xcassets */,
				B1FA32832AD20FC800AA5896 /* Preview Content */,
			);
			path = "Template-SUI";
			sourceTree = "<group>";
		};
		B1FA32832AD20FC800AA5896 /* Preview Content */ = {
			isa = PBXGroup;
			children = (
				B1FA32842AD20FC800AA5896 /* Preview Assets.xcassets */,
			);
			path = "Preview Content";
			sourceTree = "<group>";
		};
		B1FA328B2AD211F900AA5896 /* Scenes */ = {
			isa = PBXGroup;
			children = (
				B125C0432AD352BE005804D5 /* AuthFlow */,
				B1FA32912AD215C000AA5896 /* Profile */,
				B1FA328F2AD214FC00AA5896 /* HomeView */,
				B1FA328C2AD2120200AA5896 /* RootView */,
			);
			path = Scenes;
			sourceTree = "<group>";
		};
		B1FA328C2AD2120200AA5896 /* RootView */ = {
			isa = PBXGroup;
			children = (
				B1FA328D2AD2122E00AA5896 /* RootView.swift */,
			);
			path = RootView;
			sourceTree = "<group>";
		};
		B1FA328F2AD214FC00AA5896 /* HomeView */ = {
			isa = PBXGroup;
			children = (
				B1FA32902AD2153D00AA5896 /* Models */,
				B1FA327D2AD20FC800AA5896 /* ContentView.swift */,
			);
			path = HomeView;
			sourceTree = "<group>";
		};
		B1FA32902AD2153D00AA5896 /* Models */ = {
			isa = PBXGroup;
			children = (
				B1FA327F2AD20FC800AA5896 /* Item.swift */,
			);
			path = Models;
			sourceTree = "<group>";
		};
		B1FA32912AD215C000AA5896 /* Profile */ = {
			isa = PBXGroup;
			children = (
				B1FA32922AD215EA00AA5896 /* ProfileView.swift */,
			);
			path = Profile;
			sourceTree = "<group>";
		};
		B1FA32972AD2208300AA5896 /* Helpers */ = {
			isa = PBXGroup;
			children = (
				B1FA32982AD220BD00AA5896 /* ValidationHelper.swift */,
			);
			path = Helpers;
			sourceTree = "<group>";
		};
		B1FA329C2AD227D200AA5896 /* Repositories */ = {
			isa = PBXGroup;
			children = (
				B1FA329D2AD227F300AA5896 /* AuthService.swift */,
			);
			path = Repositories;
			sourceTree = "<group>";
		};
		B1FA32A42AD22C0300AA5896 /* Login */ = {
			isa = PBXGroup;
			children = (
				B16C44BB2AD2CCEA00FA5B4B /* LoginViewModel.swift */,
				B1FA32A52AD22C1100AA5896 /* LoginView.swift */,
			);
			path = Login;
			sourceTree = "<group>";
		};
/* End PBXGroup section */

/* Begin PBXNativeTarget section */
		B1FA32772AD20FC800AA5896 /* Template-SUI */ = {
			isa = PBXNativeTarget;
			buildConfigurationList = B1FA32882AD20FC800AA5896 /* Build configuration list for PBXNativeTarget "Template-SUI" */;
			buildPhases = (
				B1FA32742AD20FC800AA5896 /* Sources */,
				B1FA32752AD20FC800AA5896 /* Frameworks */,
				B1FA32762AD20FC800AA5896 /* Resources */,
			);
			buildRules = (
			);
			dependencies = (
			);
			name = "Template-SUI";
			packageProductDependencies = (
				B1FA32952AD21BCD00AA5896 /* Kingfisher */,
				B1FA32A02AD228BD00AA5896 /* GoogleSignIn */,
				B1FA32A22AD228BD00AA5896 /* GoogleSignInSwift */,
			);
			productName = "Template-SUI";
			productReference = B1FA32782AD20FC800AA5896 /* Template-SUI.app */;
			productType = "com.apple.product-type.application";
		};
/* End PBXNativeTarget section */

/* Begin PBXProject section */
		B1FA32702AD20FC800AA5896 /* Project object */ = {
			isa = PBXProject;
			attributes = {
				BuildIndependentTargetsInParallel = 1;
				LastSwiftUpdateCheck = 1500;
				LastUpgradeCheck = 1500;
				TargetAttributes = {
					B1FA32772AD20FC800AA5896 = {
						CreatedOnToolsVersion = 15.0;
					};
				};
			};
			buildConfigurationList = B1FA32732AD20FC800AA5896 /* Build configuration list for PBXProject "Template-SUI" */;
			compatibilityVersion = "Xcode 14.0";
			developmentRegion = en;
			hasScannedForEncodings = 0;
			knownRegions = (
				en,
				Base,
			);
			mainGroup = B1FA326F2AD20FC800AA5896;
			packageReferences = (
				B1FA32942AD21BCD00AA5896 /* XCRemoteSwiftPackageReference "Kingfisher" */,
				B1FA329F2AD228BD00AA5896 /* XCRemoteSwiftPackageReference "GoogleSignIn-iOS" */,
			);
			productRefGroup = B1FA32792AD20FC800AA5896 /* Products */;
			projectDirPath = "";
			projectRoot = "";
			targets = (
				B1FA32772AD20FC800AA5896 /* Template-SUI */,
			);
		};
/* End PBXProject section */

/* Begin PBXResourcesBuildPhase section */
		B1FA32762AD20FC800AA5896 /* Resources */ = {
			isa = PBXResourcesBuildPhase;
			buildActionMask = 2147483647;
			files = (
				B1FA32852AD20FC800AA5896 /* Preview Assets.xcassets in Resources */,
				B1FA32822AD20FC800AA5896 /* Assets.xcassets in Resources */,
			);
			runOnlyForDeploymentPostprocessing = 0;
		};
/* End PBXResourcesBuildPhase section */

/* Begin PBXSourcesBuildPhase section */
		B1FA32742AD20FC800AA5896 /* Sources */ = {
			isa = PBXSourcesBuildPhase;
			buildActionMask = 2147483647;
			files = (
				B1FA32932AD215EA00AA5896 /* ProfileView.swift in Sources */,
				B125C03C2AD2F5E9005804D5 /* RegistrationViewModel.swift in Sources */,
				B1FA327E2AD20FC800AA5896 /* ContentView.swift in Sources */,
				B125C0462AD355EE005804D5 /* ResetPasswordView.swift in Sources */,
				B125C03F2AD30759005804D5 /* RegistrationView.swift in Sources */,
				B125C0482AD3568E005804D5 /* ResetPasswordViewModel.swift in Sources */,
				B1FA32802AD20FC800AA5896 /* Item.swift in Sources */,
				B1FA32A62AD22C1100AA5896 /* LoginView.swift in Sources */,
				B1FA329E2AD227F300AA5896 /* AuthService.swift in Sources */,
				B1FA328E2AD2122E00AA5896 /* RootView.swift in Sources */,
				B1FA32992AD220BD00AA5896 /* ValidationHelper.swift in Sources */,
				B1FA329B2AD2228E00AA5896 /* AdaptiveKFImage.swift in Sources */,
				B16C44BC2AD2CCEA00FA5B4B /* LoginViewModel.swift in Sources */,
				B1FA327C2AD20FC800AA5896 /* Template_SUIApp.swift in Sources */,
				B16C44BF2AD2D03800FA5B4B /* User.swift in Sources */,
				B125C04B2AD359F8005804D5 /* AuthTextFieldStyle.swift in Sources */,
			);
			runOnlyForDeploymentPostprocessing = 0;
		};
/* End PBXSourcesBuildPhase section */

/* Begin XCBuildConfiguration section */
		B1FA32862AD20FC800AA5896 /* Debug */ = {
			isa = XCBuildConfiguration;
			buildSettings = {
				ALWAYS_SEARCH_USER_PATHS = NO;
				ASSETCATALOG_COMPILER_GENERATE_SWIFT_ASSET_SYMBOL_EXTENSIONS = YES;
				CLANG_ANALYZER_NONNULL = YES;
				CLANG_ANALYZER_NUMBER_OBJECT_CONVERSION = YES_AGGRESSIVE;
				CLANG_CXX_LANGUAGE_STANDARD = "gnu++20";
				CLANG_ENABLE_MODULES = YES;
				CLANG_ENABLE_OBJC_ARC = YES;
				CLANG_ENABLE_OBJC_WEAK = YES;
				CLANG_WARN_BLOCK_CAPTURE_AUTORELEASING = YES;
				CLANG_WARN_BOOL_CONVERSION = YES;
				CLANG_WARN_COMMA = YES;
				CLANG_WARN_CONSTANT_CONVERSION = YES;
				CLANG_WARN_DEPRECATED_OBJC_IMPLEMENTATIONS = YES;
				CLANG_WARN_DIRECT_OBJC_ISA_USAGE = YES_ERROR;
				CLANG_WARN_DOCUMENTATION_COMMENTS = YES;
				CLANG_WARN_EMPTY_BODY = YES;
				CLANG_WARN_ENUM_CONVERSION = YES;
				CLANG_WARN_INFINITE_RECURSION = YES;
				CLANG_WARN_INT_CONVERSION = YES;
				CLANG_WARN_NON_LITERAL_NULL_CONVERSION = YES;
				CLANG_WARN_OBJC_IMPLICIT_RETAIN_SELF = YES;
				CLANG_WARN_OBJC_LITERAL_CONVERSION = YES;
				CLANG_WARN_OBJC_ROOT_CLASS = YES_ERROR;
				CLANG_WARN_QUOTED_INCLUDE_IN_FRAMEWORK_HEADER = YES;
				CLANG_WARN_RANGE_LOOP_ANALYSIS = YES;
				CLANG_WARN_STRICT_PROTOTYPES = YES;
				CLANG_WARN_SUSPICIOUS_MOVE = YES;
				CLANG_WARN_UNGUARDED_AVAILABILITY = YES_AGGRESSIVE;
				CLANG_WARN_UNREACHABLE_CODE = YES;
				CLANG_WARN__DUPLICATE_METHOD_MATCH = YES;
				COPY_PHASE_STRIP = NO;
				DEBUG_INFORMATION_FORMAT = dwarf;
				ENABLE_STRICT_OBJC_MSGSEND = YES;
				ENABLE_TESTABILITY = YES;
				ENABLE_USER_SCRIPT_SANDBOXING = YES;
				GCC_C_LANGUAGE_STANDARD = gnu17;
				GCC_DYNAMIC_NO_PIC = NO;
				GCC_NO_COMMON_BLOCKS = YES;
				GCC_OPTIMIZATION_LEVEL = 0;
				GCC_PREPROCESSOR_DEFINITIONS = (
					"DEBUG=1",
					"$(inherited)",
				);
				GCC_WARN_64_TO_32_BIT_CONVERSION = YES;
				GCC_WARN_ABOUT_RETURN_TYPE = YES_ERROR;
				GCC_WARN_UNDECLARED_SELECTOR = YES;
				GCC_WARN_UNINITIALIZED_AUTOS = YES_AGGRESSIVE;
				GCC_WARN_UNUSED_FUNCTION = YES;
				GCC_WARN_UNUSED_VARIABLE = YES;
				IPHONEOS_DEPLOYMENT_TARGET = 17.0;
				LOCALIZATION_PREFERS_STRING_CATALOGS = YES;
				MTL_ENABLE_DEBUG_INFO = INCLUDE_SOURCE;
				MTL_FAST_MATH = YES;
				ONLY_ACTIVE_ARCH = YES;
				SDKROOT = iphoneos;
				SWIFT_ACTIVE_COMPILATION_CONDITIONS = "DEBUG $(inherited)";
				SWIFT_OPTIMIZATION_LEVEL = "-Onone";
			};
			name = Debug;
		};
		B1FA32872AD20FC800AA5896 /* Release */ = {
			isa = XCBuildConfiguration;
			buildSettings = {
				ALWAYS_SEARCH_USER_PATHS = NO;
				ASSETCATALOG_COMPILER_GENERATE_SWIFT_ASSET_SYMBOL_EXTENSIONS = YES;
				CLANG_ANALYZER_NONNULL = YES;
				CLANG_ANALYZER_NUMBER_OBJECT_CONVERSION = YES_AGGRESSIVE;
				CLANG_CXX_LANGUAGE_STANDARD = "gnu++20";
				CLANG_ENABLE_MODULES = YES;
				CLANG_ENABLE_OBJC_ARC = YES;
				CLANG_ENABLE_OBJC_WEAK = YES;
				CLANG_WARN_BLOCK_CAPTURE_AUTORELEASING = YES;
				CLANG_WARN_BOOL_CONVERSION = YES;
				CLANG_WARN_COMMA = YES;
				CLANG_WARN_CONSTANT_CONVERSION = YES;
				CLANG_WARN_DEPRECATED_OBJC_IMPLEMENTATIONS = YES;
				CLANG_WARN_DIRECT_OBJC_ISA_USAGE = YES_ERROR;
				CLANG_WARN_DOCUMENTATION_COMMENTS = YES;
				CLANG_WARN_EMPTY_BODY = YES;
				CLANG_WARN_ENUM_CONVERSION = YES;
				CLANG_WARN_INFINITE_RECURSION = YES;
				CLANG_WARN_INT_CONVERSION = YES;
				CLANG_WARN_NON_LITERAL_NULL_CONVERSION = YES;
				CLANG_WARN_OBJC_IMPLICIT_RETAIN_SELF = YES;
				CLANG_WARN_OBJC_LITERAL_CONVERSION = YES;
				CLANG_WARN_OBJC_ROOT_CLASS = YES_ERROR;
				CLANG_WARN_QUOTED_INCLUDE_IN_FRAMEWORK_HEADER = YES;
				CLANG_WARN_RANGE_LOOP_ANALYSIS = YES;
				CLANG_WARN_STRICT_PROTOTYPES = YES;
				CLANG_WARN_SUSPICIOUS_MOVE = YES;
				CLANG_WARN_UNGUARDED_AVAILABILITY = YES_AGGRESSIVE;
				CLANG_WARN_UNREACHABLE_CODE = YES;
				CLANG_WARN__DUPLICATE_METHOD_MATCH = YES;
				COPY_PHASE_STRIP = NO;
				DEBUG_INFORMATION_FORMAT = "dwarf-with-dsym";
				ENABLE_NS_ASSERTIONS = NO;
				ENABLE_STRICT_OBJC_MSGSEND = YES;
				ENABLE_USER_SCRIPT_SANDBOXING = YES;
				GCC_C_LANGUAGE_STANDARD = gnu17;
				GCC_NO_COMMON_BLOCKS = YES;
				GCC_WARN_64_TO_32_BIT_CONVERSION = YES;
				GCC_WARN_ABOUT_RETURN_TYPE = YES_ERROR;
				GCC_WARN_UNDECLARED_SELECTOR = YES;
				GCC_WARN_UNINITIALIZED_AUTOS = YES_AGGRESSIVE;
				GCC_WARN_UNUSED_FUNCTION = YES;
				GCC_WARN_UNUSED_VARIABLE = YES;
				IPHONEOS_DEPLOYMENT_TARGET = 17.0;
				LOCALIZATION_PREFERS_STRING_CATALOGS = YES;
				MTL_ENABLE_DEBUG_INFO = NO;
				MTL_FAST_MATH = YES;
				SDKROOT = iphoneos;
				SWIFT_COMPILATION_MODE = wholemodule;
				VALIDATE_PRODUCT = YES;
			};
			name = Release;
		};
		B1FA32892AD20FC800AA5896 /* Debug */ = {
			isa = XCBuildConfiguration;
			buildSettings = {
				ASSETCATALOG_COMPILER_APPICON_NAME = AppIcon;
				ASSETCATALOG_COMPILER_GLOBAL_ACCENT_COLOR_NAME = AccentColor;
				CODE_SIGN_STYLE = Automatic;
				CURRENT_PROJECT_VERSION = 1;
				DEVELOPMENT_ASSET_PATHS = "\"Template-SUI/Preview Content\"";
				DEVELOPMENT_TEAM = 5C5R3P6NHR;
				ENABLE_PREVIEWS = YES;
				GENERATE_INFOPLIST_FILE = YES;
				INFOPLIST_KEY_UIApplicationSceneManifest_Generation = YES;
				INFOPLIST_KEY_UIApplicationSupportsIndirectInputEvents = YES;
				INFOPLIST_KEY_UILaunchScreen_Generation = YES;
				INFOPLIST_KEY_UISupportedInterfaceOrientations_iPad = "UIInterfaceOrientationPortrait UIInterfaceOrientationPortraitUpsideDown UIInterfaceOrientationLandscapeLeft UIInterfaceOrientationLandscapeRight";
				INFOPLIST_KEY_UISupportedInterfaceOrientations_iPhone = "UIInterfaceOrientationPortrait UIInterfaceOrientationLandscapeLeft UIInterfaceOrientationLandscapeRight";
				LD_RUNPATH_SEARCH_PATHS = (
					"$(inherited)",
					"@executable_path/Frameworks",
				);
				MARKETING_VERSION = 1.0;
				PRODUCT_BUNDLE_IDENTIFIER = "Vladimir-Udachin.Template-SUI";
				PRODUCT_NAME = "$(TARGET_NAME)";
				SWIFT_EMIT_LOC_STRINGS = YES;
				SWIFT_VERSION = 5.0;
				TARGETED_DEVICE_FAMILY = "1,2";
			};
			name = Debug;
		};
		B1FA328A2AD20FC800AA5896 /* Release */ = {
			isa = XCBuildConfiguration;
			buildSettings = {
				ASSETCATALOG_COMPILER_APPICON_NAME = AppIcon;
				ASSETCATALOG_COMPILER_GLOBAL_ACCENT_COLOR_NAME = AccentColor;
				CODE_SIGN_STYLE = Automatic;
				CURRENT_PROJECT_VERSION = 1;
				DEVELOPMENT_ASSET_PATHS = "\"Template-SUI/Preview Content\"";
				DEVELOPMENT_TEAM = 5C5R3P6NHR;
				ENABLE_PREVIEWS = YES;
				GENERATE_INFOPLIST_FILE = YES;
				INFOPLIST_KEY_UIApplicationSceneManifest_Generation = YES;
				INFOPLIST_KEY_UIApplicationSupportsIndirectInputEvents = YES;
				INFOPLIST_KEY_UILaunchScreen_Generation = YES;
				INFOPLIST_KEY_UISupportedInterfaceOrientations_iPad = "UIInterfaceOrientationPortrait UIInterfaceOrientationPortraitUpsideDown UIInterfaceOrientationLandscapeLeft UIInterfaceOrientationLandscapeRight";
				INFOPLIST_KEY_UISupportedInterfaceOrientations_iPhone = "UIInterfaceOrientationPortrait UIInterfaceOrientationLandscapeLeft UIInterfaceOrientationLandscapeRight";
				LD_RUNPATH_SEARCH_PATHS = (
					"$(inherited)",
					"@executable_path/Frameworks",
				);
				MARKETING_VERSION = 1.0;
				PRODUCT_BUNDLE_IDENTIFIER = "Vladimir-Udachin.Template-SUI";
				PRODUCT_NAME = "$(TARGET_NAME)";
				SWIFT_EMIT_LOC_STRINGS = YES;
				SWIFT_VERSION = 5.0;
				TARGETED_DEVICE_FAMILY = "1,2";
			};
			name = Release;
		};
/* End XCBuildConfiguration section */

/* Begin XCConfigurationList section */
		B1FA32732AD20FC800AA5896 /* Build configuration list for PBXProject "Template-SUI" */ = {
			isa = XCConfigurationList;
			buildConfigurations = (
				B1FA32862AD20FC800AA5896 /* Debug */,
				B1FA32872AD20FC800AA5896 /* Release */,
			);
			defaultConfigurationIsVisible = 0;
			defaultConfigurationName = Release;
		};
		B1FA32882AD20FC800AA5896 /* Build configuration list for PBXNativeTarget "Template-SUI" */ = {
			isa = XCConfigurationList;
			buildConfigurations = (
				B1FA32892AD20FC800AA5896 /* Debug */,
				B1FA328A2AD20FC800AA5896 /* Release */,
			);
			defaultConfigurationIsVisible = 0;
			defaultConfigurationName = Release;
		};
/* End XCConfigurationList section */

/* Begin XCRemoteSwiftPackageReference section */
		B1FA32942AD21BCD00AA5896 /* XCRemoteSwiftPackageReference "Kingfisher" */ = {
			isa = XCRemoteSwiftPackageReference;
			repositoryURL = "https://github.com/onevcat/Kingfisher.git";
			requirement = {
				kind = upToNextMajorVersion;
				minimumVersion = 7.9.1;
			};
		};
		B1FA329F2AD228BD00AA5896 /* XCRemoteSwiftPackageReference "GoogleSignIn-iOS" */ = {
			isa = XCRemoteSwiftPackageReference;
			repositoryURL = "https://github.com/google/GoogleSignIn-iOS";
			requirement = {
				kind = upToNextMajorVersion;
				minimumVersion = 7.0.0;
			};
		};
/* End XCRemoteSwiftPackageReference section */

/* Begin XCSwiftPackageProductDependency section */
		B1FA32952AD21BCD00AA5896 /* Kingfisher */ = {
			isa = XCSwiftPackageProductDependency;
			package = B1FA32942AD21BCD00AA5896 /* XCRemoteSwiftPackageReference "Kingfisher" */;
			productName = Kingfisher;
		};
		B1FA32A02AD228BD00AA5896 /* GoogleSignIn */ = {
			isa = XCSwiftPackageProductDependency;
			package = B1FA329F2AD228BD00AA5896 /* XCRemoteSwiftPackageReference "GoogleSignIn-iOS" */;
			productName = GoogleSignIn;
		};
		B1FA32A22AD228BD00AA5896 /* GoogleSignInSwift */ = {
			isa = XCSwiftPackageProductDependency;
			package = B1FA329F2AD228BD00AA5896 /* XCRemoteSwiftPackageReference "GoogleSignIn-iOS" */;
			productName = GoogleSignInSwift;
		};
/* End XCSwiftPackageProductDependency section */
	};
	rootObject = B1FA32702AD20FC800AA5896 /* Project object */;
}
